{
  "name": "elektron-cnt-test",
  "lockfileVersion": 3,
  "requires": true,
  "packages": {
    "": {
      "name": "elektron-cnt-test",
      "dependencies": {
        "@cloudflare/containers": "^0.0.28"
      }
    },
    "node_modules/@cloudflare/containers": {
      "version": "0.0.28",
      "resolved": "https://registry.npmjs.org/@cloudflare/containers/-/containers-0.0.28.tgz",
      "integrity": "sha512-wzR9UWcGvZ9znd4elkXklilPcHX6srncsjSkx696SZRZyTygNbWsLlHegvc1C+e9gn28HRZU3dLiAzXiC9IY1w==",
      "license": "ISC"
    }
  }
}
