{
  "name": "spike",
  "version": "1.0.0",
  "lockfileVersion": 3,
  "requires": true,
  "packages": {
    "": {
      "name": "spike",
      "version": "1.0.0",
      "license": "ISC",
      "dependencies": {
        "@moq/hang": "^0.4.2",
        "@moq/net": "^0.3.3"
      }
    },
    "node_modules/@kixelated/libavjs-webcodecs-polyfill": {
      "version": "0.5.5",
      "resolved": "https://registry.npmjs.org/@kixelated/libavjs-webcodecs-polyfill/-/libavjs-webcodecs-polyfill-0.5.5.tgz",
      "integrity": "sha512-Q1zgnTMMQ2F7IE9ylx3C1XzVbg5vYN18jiDINO5U3kNPBOHdYuUlJsMhtBoqr1M6ocLtoiqdHmLs7tHFgrw5KA==",
      "license": "0BSD",
      "dependencies": {
        "@libav.js/types": "^6.7.7",
        "@ungap/global-this": "^0.4.4"
      }
    },
    "node_modules/@libav.js/types": {
      "version": "6.10.9",
      "resolved": "https://registry.npmjs.org/@libav.js/types/-/types-6.10.9.tgz",
      "integrity": "sha512-AdngxD/VO8OI6/w7wlJC77kuFcsSvCUuo2RuC6gGeSW2DEvbzgBo2JtFLV6UWZp/tRNZhKm6jS0Tv8gwCKBHLg==",
      "license": "LGPL-2.1"
    },
    "node_modules/@libav.js/variant-opus-af": {
      "version": "6.10.9",
      "resolved": "https://registry.npmjs.org/@libav.js/variant-opus-af/-/variant-opus-af-6.10.9.tgz",
      "integrity": "sha512-yULJUCQIHDtwDPbT38t9pP/7EGgqwynVcOau46hZjtCe8TWMp67DTi2X0Emr2M4Ci3nzxNPf25IzO+IXSmHDBg==",
      "license": "LGPL-2.1"
    },
    "node_modules/@moq/flate": {
      "version": "0.1.2",
      "resolved": "https://registry.npmjs.org/@moq/flate/-/flate-0.1.2.tgz",
      "integrity": "sha512-/vtXPGZQ0skmj9/HQlz1DoTJLlnT8/m2QkguNp8R5J68cwa8NtrUr9J89xqQwVCdi4Ybqy71d03bJU2P7i9uyA==",
      "license": "(MIT OR Apache-2.0)",
      "dependencies": {
        "pako": "^3.0.1"
      }
    },
    "node_modules/@moq/hang": {
      "version": "0.4.2",
      "resolved": "https://registry.npmjs.org/@moq/hang/-/hang-0.4.2.tgz",
      "integrity": "sha512-SfSKvDUqrOymjUX9oprEmTpsq4kfBjRcL70MdurK9ntBF/0gLwIXPqSpUF5tc1KN+lwiBqBjYBDln8GNsv9pIA==",
      "license": "(MIT OR Apache-2.0)",
      "dependencies": {
        "@kixelated/libavjs-webcodecs-polyfill": "^0.5.5",
        "@libav.js/variant-opus-af": "^6.9.8",
        "@moq/json": "^0.3.2",
        "@moq/loc": "^0.2.2",
        "@moq/net": "^0.3.3",
        "@moq/signals": "^0.2.2",
        "@svta/cml-iso-bmff": "^1.0.4",
        "@svta/cml-utils": "1.6.0",
        "zod": "^4.4.3"
      }
    },
    "node_modules/@moq/json": {
      "version": "0.3.2",
      "resolved": "https://registry.npmjs.org/@moq/json/-/json-0.3.2.tgz",
      "integrity": "sha512-6ewNcj5u0XR4EwbJyrZjhEs5PnwzU95YFga5ti/w1ysAHvPDyC7jYZssPH9dxZ9mJX/v60vz8d36RDeSXI/4/g==",
      "license": "(MIT OR Apache-2.0)",
      "dependencies": {
        "@moq/flate": "^0.1.2",
        "@moq/net": "^0.3.2",
        "@moq/signals": "^0.2.2"
      },
      "peerDependencies": {
        "zod": "^4.0.0"
      }
    },
    "node_modules/@moq/loc": {
      "version": "0.2.2",
      "resolved": "https://registry.npmjs.org/@moq/loc/-/loc-0.2.2.tgz",
      "integrity": "sha512-J1M+G0+naOB7hch4W9722kWnHHSwYXDvuBlcDQS5PSYuAFo9x53ULRpU64/vSxAvjvAs1Y+ek+8iRNl0DdDxRQ==",
      "license": "(MIT OR Apache-2.0)",
      "dependencies": {
        "@moq/net": "^0.3.2"
      }
    },
    "node_modules/@moq/net": {
      "version": "0.3.3",
      "resolved": "https://registry.npmjs.org/@moq/net/-/net-0.3.3.tgz",
      "integrity": "sha512-L98/klurH5I272SfwxNWKAT917N8mjFRrh+AVcWdpglj1IdygeUc9cU1Esck8yn3rGprurszWRxk45pUvd3MsQ==",
      "license": "(MIT OR Apache-2.0)",
      "dependencies": {
        "@moq/qmux": "^0.3.3",
        "@moq/signals": "^0.2.2",
        "async-mutex": "^0.5.0",
        "bowser": "^2.14.1"
      },
      "peerDependencies": {
        "zod": "^4.0.0"
      }
    },
    "node_modules/@moq/qmux": {
      "version": "0.3.3",
      "resolved": "https://registry.npmjs.org/@moq/qmux/-/qmux-0.3.3.tgz",
      "integrity": "sha512-Ez1GCVwpyNGB0eWvhKIXOjXrfRlMdmO0lpJ7gqInZFzsOsYTyML0WRgh24Itczp9Kev0CXsUA/K+XrGs1dRKUA==",
      "license": "(MIT OR Apache-2.0)",
      "dependencies": {
        "@moq/web-socket-stream": "^0.1.1"
      }
    },
    "node_modules/@moq/signals": {
      "version": "0.2.2",
      "resolved": "https://registry.npmjs.org/@moq/signals/-/signals-0.2.2.tgz",
      "integrity": "sha512-BnVp70shiD+HcEM612Ra8tKwnneV7m9gzIFJrRCRVcZW2L+t9P7pVpd0pzj8tydfmInKh97SBPlkaaU+rEM2ng==",
      "license": "(MIT OR Apache-2.0)",
      "peerDependencies": {
        "@types/react": "^19.2.17",
        "react": "^19.2.8",
        "solid-js": "^1.9.14"
      },
      "peerDependenciesMeta": {
        "@types/react": {
          "optional": true
        },
        "react": {
          "optional": true
        },
        "solid-js": {
          "optional": true
        }
      }
    },
    "node_modules/@moq/web-socket-stream": {
      "version": "0.1.1",
      "resolved": "https://registry.npmjs.org/@moq/web-socket-stream/-/web-socket-stream-0.1.1.tgz",
      "integrity": "sha512-VKi/GE/CLqmbEZlgNbBLbAFk2pQTxT+KUD2DjCSoxqZxbS3KBe5BBZ0m3fila4fEGyll2JT5MmgEyVr4zkZEVA==",
      "license": "(MIT OR Apache-2.0)"
    },
    "node_modules/@svta/cml-iso-bmff": {
      "version": "1.0.5",
      "resolved": "https://registry.npmjs.org/@svta/cml-iso-bmff/-/cml-iso-bmff-1.0.5.tgz",
      "integrity": "sha512-9JM/i5q81/ckFb0V5z2gESX4ICyoBOCwYhLmltPgQXNo55DenORjfY8czgSdlGuMOKxyX1yvwe/OpY4twmqT2g==",
      "license": "Apache-2.0",
      "engines": {
        "node": ">=20"
      },
      "peerDependencies": {
        "@svta/cml-utils": "1.6.0"
      }
    },
    "node_modules/@svta/cml-utils": {
      "version": "1.6.0",
      "resolved": "https://registry.npmjs.org/@svta/cml-utils/-/cml-utils-1.6.0.tgz",
      "integrity": "sha512-h8jd5Y0nrr8wHWkI7XB03Denxy6QR7dgROxchZ2S0VQ4PFINrIu6J0k9N1IGHmtJnJjG3ttszsJd4LS5V/DqcA==",
      "license": "Apache-2.0",
      "engines": {
        "node": ">=20"
      }
    },
    "node_modules/@ungap/global-this": {
      "version": "0.4.4",
      "resolved": "https://registry.npmjs.org/@ungap/global-this/-/global-this-0.4.4.tgz",
      "integrity": "sha512-mHkm6FvepJECMNthFuIgpAEFmPOk71UyXuIxYfjytvFTnSDBIz7jmViO+LfHI/AjrazWije0PnSP3+/NlwzqtA==",
      "license": "ISC"
    },
    "node_modules/async-mutex": {
      "version": "0.5.0",
      "resolved": "https://registry.npmjs.org/async-mutex/-/async-mutex-0.5.0.tgz",
      "integrity": "sha512-1A94B18jkJ3DYq284ohPxoXbfTA5HsQ7/Mf4DEhcyLx3Bz27Rh59iScbB6EPiP+B+joue6YCxcMXSbFC1tZKwA==",
      "license": "MIT",
      "dependencies": {
        "tslib": "^2.4.0"
      }
    },
    "node_modules/bowser": {
      "version": "2.14.1",
      "resolved": "https://registry.npmjs.org/bowser/-/bowser-2.14.1.tgz",
      "integrity": "sha512-tzPjzCxygAKWFOJP011oxFHs57HzIhOEracIgAePE4pqB3LikALKnSzUyU4MGs9/iCEUuHlAJTjTc5M+u7YEGg==",
      "license": "MIT"
    },
    "node_modules/pako": {
      "version": "3.0.1",
      "resolved": "https://registry.npmjs.org/pako/-/pako-3.0.1.tgz",
      "integrity": "sha512-GupotUUI0mlhugKjUs4bjOwLt3nrehy9Ys2dxC0GtgVef5cnKggkDMmf2bq2poCCuVXopWPmqsc9VDT2iJUy+w==",
      "funding": [
        {
          "type": "github",
          "url": "https://github.com/sponsors/puzrin"
        },
        {
          "type": "github",
          "url": "https://github.com/sponsors/nodeca"
        }
      ],
      "license": "(MIT AND Zlib)"
    },
    "node_modules/tslib": {
      "version": "2.8.1",
      "resolved": "https://registry.npmjs.org/tslib/-/tslib-2.8.1.tgz",
      "integrity": "sha512-oJFu94HQb+KVduSUQL7wnpmqnfmLsOA/nAh6b6EH0wCEoK0/mPeXU6c3wKDV83MkOuHPRHtSXKKU99IBazS/2w==",
      "license": "0BSD"
    },
    "node_modules/zod": {
      "version": "4.4.3",
      "resolved": "https://registry.npmjs.org/zod/-/zod-4.4.3.tgz",
      "integrity": "sha512-ytENFjIJFl2UwYglde2jchW2Hwm4GJFLDiSXWdTrJQBIN9Fcyp7n4DhxJEiWNAJMV1/BqWfW/kkg71UDcHJyTQ==",
      "license": "MIT",
      "funding": {
        "url": "https://github.com/sponsors/colinhacks"
      }
    }
  }
}
